
Microsoft Visual Studio Solution File, Format Version 12.00
# Visual Studio 15
VisualStudioVersion = 15.0.28307.902
MinimumVisualStudioVersion = 10.0.40219.1
Project("{00D1A9C2-B5F0-4AF3-8072-F6C62B433612}") = "myazuredatabase", "myazuredatabase\myazuredatabase.sqlproj", "{1DEA3BDF-DE3A-468D-BFED-96D291D994C5}"
EndProject
Global
	GlobalSection(SolutionConfigurationPlatforms) = preSolution
		Debug|Any CPU = Debug|Any CPU
		Release|Any CPU = Release|Any CPU
	EndGlobalSection
	GlobalSection(ProjectConfigurationPlatforms) = postSolution
		{1DEA3BDF-DE3A-468D-BFED-96D291D994C5}.Debug|Any CPU.ActiveCfg = Debug|Any CPU
		{1DEA3BDF-DE3A-468D-BFED-96D291D994C5}.Debug|Any CPU.Build.0 = Debug|Any CPU
		{1DEA3BDF-DE3A-468D-BFED-96D291D994C5}.Debug|Any CPU.Deploy.0 = Debug|Any CPU
		{1DEA3BDF-DE3A-468D-BFED-96D291D994C5}.Release|Any CPU.ActiveCfg = Release|Any CPU
		{1DEA3BDF-DE3A-468D-BFED-96D291D994C5}.Release|Any CPU.Build.0 = Release|Any CPU
		{1DEA3BDF-DE3A-468D-BFED-96D291D994C5}.Release|Any CPU.Deploy.0 = Release|Any CPU
	EndGlobalSection
	GlobalSection(SolutionProperties) = preSolution
		HideSolutionNode = FALSE
	EndGlobalSection
	GlobalSection(ExtensibilityGlobals) = postSolution
		SolutionGuid = {143311B4-7D8C-4EB3-A1DE-44145F250C5A}
	EndGlobalSection
EndGlobal
